
Microsoft Visual Studio Solution File, Format Version 12.00
# Visual Studio Version 17
VisualStudioVersion = 17.14.36518.9 d17.14
MinimumVisualStudioVersion = 10.0.40219.1
Project("{54A90642-561A-4BB1-A94E-469ADEE60C69}") = "IoT", "IoT.esproj", "{54B2EE70-C9F6-0214-A0CA-1F34AA58151D}"
EndProject
Global
	GlobalSection(SolutionConfigurationPlatforms) = preSolution
		Debug|Any CPU = Debug|Any CPU
		Release|Any CPU = Release|Any CPU
	EndGlobalSection
	GlobalSection(ProjectConfigurationPlatforms) = postSolution
		{54B2EE70-C9F6-0214-A0CA-1F34AA58151D}.Debug|Any CPU.ActiveCfg = Debug|Any CPU
		{54B2EE70-C9F6-0214-A0CA-1F34AA58151D}.Debug|Any CPU.Build.0 = Debug|Any CPU
		{54B2EE70-C9F6-0214-A0CA-1F34AA58151D}.Debug|Any CPU.Deploy.0 = Debug|Any CPU
		{54B2EE70-C9F6-0214-A0CA-1F34AA58151D}.Release|Any CPU.ActiveCfg = Release|Any CPU
		{54B2EE70-C9F6-0214-A0CA-1F34AA58151D}.Release|Any CPU.Build.0 = Release|Any CPU
		{54B2EE70-C9F6-0214-A0CA-1F34AA58151D}.Release|Any CPU.Deploy.0 = Release|Any CPU
	EndGlobalSection
	GlobalSection(SolutionProperties) = preSolution
		HideSolutionNode = FALSE
	EndGlobalSection
	GlobalSection(ExtensibilityGlobals) = postSolution
		SolutionGuid = {47D4A1A6-286C-41EB-87D7-FAFB426EE27F}
	EndGlobalSection
EndGlobal
